
Microsoft Visual Studio Solution File, Format Version 12.00
# Visual Studio 15
VisualStudioVersion = 15.0.28010.2016
MinimumVisualStudioVersion = 10.0.40219.1
Project("{FAE04EC0-301F-11D3-BF4B-00C04F79EFBC}") = "Northwind", "Northwind\Northwind.csproj", "{8385480D-A4EB-4CDE-843F-07DF01FAD3FD}"
EndProject
Global
	GlobalSection(SolutionConfigurationPlatforms) = preSolution
		Debug|Any CPU = Debug|Any CPU
		Release|Any CPU = Release|Any CPU
	EndGlobalSection
	GlobalSection(ProjectConfigurationPlatforms) = postSolution
		{8385480D-A4EB-4CDE-843F-07DF01FAD3FD}.Debug|Any CPU.ActiveCfg = Debug|Any CPU
		{8385480D-A4EB-4CDE-843F-07DF01FAD3FD}.Debug|Any CPU.Build.0 = Debug|Any CPU
		{8385480D-A4EB-4CDE-843F-07DF01FAD3FD}.Release|Any CPU.ActiveCfg = Release|Any CPU
		{8385480D-A4EB-4CDE-843F-07DF01FAD3FD}.Release|Any CPU.Build.0 = Release|Any CPU
	EndGlobalSection
	GlobalSection(SolutionProperties) = preSolution
		HideSolutionNode = FALSE
	EndGlobalSection
	GlobalSection(ExtensibilityGlobals) = postSolution
		SolutionGuid = {4AAE7FC4-8FD3-4EB4-88A6-1F312B0A332D}
	EndGlobalSection
EndGlobal
